// !$*UTF8*$!
{
	archiveVersion = 1;
	classes = {
	};
	objectVersion = 46;
	objects = {

/* Begin PBXBuildFile section */
		EE6D4C171E7E91F7008F5D17 /* AppDelegate.swift in Sources */ = {isa = PBXBuildFile; fileRef = EE6D4C161E7E91F7008F5D17 /* AppDelegate.swift */; };
		EE6D4C1C1E7E91F7008F5D17 /* Main.storyboard in Resources */ = {isa = PBXBuildFile; fileRef = EE6D4C1A1E7E91F7008F5D17 /* Main.storyboard */; };
		EE6D4C1F1E7E91F7008F5D17 /* MasterCoreData.xcdatamodeld in Sources */ = {isa = PBXBuildFile; fileRef = EE6D4C1D1E7E91F7008F5D17 /* MasterCoreData.xcdatamodeld */; };
		EE6D4C211E7E91F7008F5D17 /* Assets.xcassets in Resources */ = {isa = PBXBuildFile; fileRef = EE6D4C201E7E91F7008F5D17 /* Assets.xcassets */; };
		EE6D4C241E7E91F7008F5D17 /* LaunchScreen.storyboard in Resources */ = {isa = PBXBuildFile; fileRef = EE6D4C221E7E91F7008F5D17 /* LaunchScreen.storyboard */; };
		EE6D4C2C1E7EC79C008F5D17 /* MainViewController.swift in Sources */ = {isa = PBXBuildFile; fileRef = EE6D4C2B1E7EC79C008F5D17 /* MainViewController.swift */; };
		EE6D4C2E1E7ECD67008F5D17 /* MainTableViewCell.swift in Sources */ = {isa = PBXBuildFile; fileRef = EE6D4C2D1E7ECD67008F5D17 /* MainTableViewCell.swift */; };
		EEB7A6A21E86C1E600262D53 /* Lists.xcdatamodeld in Sources */ = {isa = PBXBuildFile; fileRef = EEB7A6A01E86C1E600262D53 /* Lists.xcdatamodeld */; };
		EEB7A6A41E86C21000262D53 /* CoreDataManager.swift in Sources */ = {isa = PBXBuildFile; fileRef = EEB7A6A31E86C21000262D53 /* CoreDataManager.swift */; };
/* End PBXBuildFile section */

/* Begin PBXFileReference section */
		EE6D4C131E7E91F7008F5D17 /* MasterCoreData.app */ = {isa = PBXFileReference; explicitFileType = wrapper.application; includeInIndex = 0; path = MasterCoreData.app; sourceTree = BUILT_PRODUCTS_DIR; };
		EE6D4C161E7E91F7008F5D17 /* AppDelegate.swift */ = {isa = PBXFileReference; lastKnownFileType = sourcecode.swift; path = AppDelegate.swift; sourceTree = "<group>"; };
		EE6D4C1B1E7E91F7008F5D17 /* Base */ = {isa = PBXFileReference; lastKnownFileType = file.storyboard; name = Base; path = Base.lproj/Main.storyboard; sourceTree = "<group>"; };
		EE6D4C1E1E7E91F7008F5D17 /* MasterCoreData.xcdatamodel */ = {isa = PBXFileReference; lastKnownFileType = wrapper.xcdatamodel; path = MasterCoreData.xcdatamodel; sourceTree = "<group>"; };
		EE6D4C201E7E91F7008F5D17 /* Assets.xcassets */ = {isa = PBXFileReference; lastKnownFileType = folder.assetcatalog; path = Assets.xcassets; sourceTree = "<group>"; };
		EE6D4C231E7E91F7008F5D17 /* Base */ = {isa = PBXFileReference; lastKnownFileType = file.storyboard; name = Base; path = Base.lproj/LaunchScreen.storyboard; sourceTree = "<group>"; };
		EE6D4C251E7E91F7008F5D17 /* Info.plist */ = {isa = PBXFileReference; lastKnownFileType = text.plist.xml; path = Info.plist; sourceTree = "<group>"; };
		EE6D4C2B1E7EC79C008F5D17 /* MainViewController.swift */ = {isa = PBXFileReference; fileEncoding = 4; lastKnownFileType = sourcecode.swift; path = MainViewController.swift; sourceTree = "<group>"; };
		EE6D4C2D1E7ECD67008F5D17 /* MainTableViewCell.swift */ = {isa = PBXFileReference; fileEncoding = 4; lastKnownFileType = sourcecode.swift; path = MainTableViewCell.swift; sourceTree = "<group>"; };
		EEB7A6A11E86C1E600262D53 /* Lists.xcdatamodel */ = {isa = PBXFileReference; lastKnownFileType = wrapper.xcdatamodel; path = Lists.xcdatamodel; sourceTree = "<group>"; };
		EEB7A6A31E86C21000262D53 /* CoreDataManager.swift */ = {isa = PBXFileReference; fileEncoding = 4; lastKnownFileType = sourcecode.swift; path = CoreDataManager.swift; sourceTree = "<group>"; };
/* End PBXFileReference section */

/* Begin PBXFrameworksBuildPhase section */
		EE6D4C101E7E91F7008F5D17 /* Frameworks */ = {
			isa = PBXFrameworksBuildPhase;
			buildActionMask = 2147483647;
			files = (
			);
			runOnlyForDeploymentPostprocessing = 0;
		};
/* End PBXFrameworksBuildPhase section */

/* Begin PBXGroup section */
		EE6D4C0A1E7E91F7008F5D17 = {
			isa = PBXGroup;
			children = (
				EE6D4C151E7E91F7008F5D17 /* MasterCoreData */,
				EE6D4C141E7E91F7008F5D17 /* Products */,
			);
			sourceTree = "<group>";
		};
		EE6D4C141E7E91F7008F5D17 /* Products */ = {
			isa = PBXGroup;
			children = (
				EE6D4C131E7E91F7008F5D17 /* MasterCoreData.app */,
			);
			name = Products;
			sourceTree = "<group>";
		};
		EE6D4C151E7E91F7008F5D17 /* MasterCoreData */ = {
			isa = PBXGroup;
			children = (
				EE6D4C161E7E91F7008F5D17 /* AppDelegate.swift */,
				EE6D4C1A1E7E91F7008F5D17 /* Main.storyboard */,
				EE6D4C201E7E91F7008F5D17 /* Assets.xcassets */,
				EE6D4C221E7E91F7008F5D17 /* LaunchScreen.storyboard */,
				EE6D4C251E7E91F7008F5D17 /* Info.plist */,
				EE6D4C1D1E7E91F7008F5D17 /* MasterCoreData.xcdatamodeld */,
				EE6D4C2B1E7EC79C008F5D17 /* MainViewController.swift */,
				EE6D4C2D1E7ECD67008F5D17 /* MainTableViewCell.swift */,
				EEB7A6A01E86C1E600262D53 /* Lists.xcdatamodeld */,
				EEB7A6A31E86C21000262D53 /* CoreDataManager.swift */,
			);
			path = MasterCoreData;
			sourceTree = "<group>";
		};
/* End PBXGroup section */

/* Begin PBXNativeTarget section */
		EE6D4C121E7E91F7008F5D17 /* MasterCoreData */ = {
			isa = PBXNativeTarget;
			buildConfigurationList = EE6D4C281E7E91F7008F5D17 /* Build configuration list for PBXNativeTarget "MasterCoreData" */;
			buildPhases = (
				EE6D4C0F1E7E91F7008F5D17 /* Sources */,
				EE6D4C101E7E91F7008F5D17 /* Frameworks */,
				EE6D4C111E7E91F7008F5D17 /* Resources */,
			);
			buildRules = (
			);
			dependencies = (
			);
			name = MasterCoreData;
			productName = MasterCoreData;
			productReference = EE6D4C131E7E91F7008F5D17 /* MasterCoreData.app */;
			productType = "com.apple.product-type.application";
		};
/* End PBXNativeTarget section */

/* Begin PBXProject section */
		EE6D4C0B1E7E91F7008F5D17 /* Project object */ = {
			isa = PBXProject;
			attributes = {
				LastSwiftUpdateCheck = 0820;
				LastUpgradeCheck = 0820;
				ORGANIZATIONNAME = "Xinming DAI";
				TargetAttributes = {
					EE6D4C121E7E91F7008F5D17 = {
						CreatedOnToolsVersion = 8.2.1;
						DevelopmentTeam = 23X5258S94;
						ProvisioningStyle = Automatic;
					};
				};
			};
			buildConfigurationList = EE6D4C0E1E7E91F7008F5D17 /* Build configuration list for PBXProject "MasterCoreData" */;
			compatibilityVersion = "Xcode 3.2";
			developmentRegion = English;
			hasScannedForEncodings = 0;
			knownRegions = (
				en,
				Base,
			);
			mainGroup = EE6D4C0A1E7E91F7008F5D17;
			productRefGroup = EE6D4C141E7E91F7008F5D17 /* Products */;
			projectDirPath = "";
			projectRoot = "";
			targets = (
				EE6D4C121E7E91F7008F5D17 /* MasterCoreData */,
			);
		};
/* End PBXProject section */

/* Begin PBXResourcesBuildPhase section */
		EE6D4C111E7E91F7008F5D17 /* Resources */ = {
			isa = PBXResourcesBuildPhase;
			buildActionMask = 2147483647;
			files = (
				EE6D4C241E7E91F7008F5D17 /* LaunchScreen.storyboard in Resources */,
				EE6D4C211E7E91F7008F5D17 /* Assets.xcassets in Resources */,
				EE6D4C1C1E7E91F7008F5D17 /* Main.storyboard in Resources */,
			);
			runOnlyForDeploymentPostprocessing = 0;
		};
/* End PBXResourcesBuildPhase section */

/* Begin PBXSourcesBuildPhase section */
		EE6D4C0F1E7E91F7008F5D17 /* Sources */ = {
			isa = PBXSourcesBuildPhase;
			buildActionMask = 2147483647;
			files = (
				EEB7A6A41E86C21000262D53 /* CoreDataManager.swift in Sources */,
				EE6D4C171E7E91F7008F5D17 /* AppDelegate.swift in Sources */,
				EE6D4C1F1E7E91F7008F5D17 /* MasterCoreData.xcdatamodeld in Sources */,
				EEB7A6A21E86C1E600262D53 /* Lists.xcdatamodeld in Sources */,
				EE6D4C2E1E7ECD67008F5D17 /* MainTableViewCell.swift in Sources */,
				EE6D4C2C1E7EC79C008F5D17 /* MainViewController.swift in Sources */,
			);
			runOnlyForDeploymentPostprocessing = 0;
		};
/* End PBXSourcesBuildPhase section */

/* Begin PBXVariantGroup section */
		EE6D4C1A1E7E91F7008F5D17 /* Main.storyboard */ = {
			isa = PBXVariantGroup;
			children = (
				EE6D4C1B1E7E91F7008F5D17 /* Base */,
			);
			name = Main.storyboard;
			sourceTree = "<group>";
		};
		EE6D4C221E7E91F7008F5D17 /* LaunchScreen.storyboard */ = {
			isa = PBXVariantGroup;
			children = (
				EE6D4C231E7E91F7008F5D17 /* Base */,
			);
			name = LaunchScreen.storyboard;
			sourceTree = "<group>";
		};
/* End PBXVariantGroup section */

/* Begin XCBuildConfiguration section */
		EE6D4C261E7E91F7008F5D17 /* Debug */ = {
			isa = XCBuildConfiguration;
			buildSettings = {
				ALWAYS_SEARCH_USER_PATHS = NO;
				CLANG_ANALYZER_NONNULL = YES;
				CLANG_CXX_LANGUAGE_STANDARD = "gnu++0x";
				CLANG_CXX_LIBRARY = "libc++";
				CLANG_ENABLE_MODULES = YES;
				CLANG_ENABLE_OBJC_ARC = YES;
				CLANG_WARN_BOOL_CONVERSION = YES;
				CLANG_WARN_CONSTANT_CONVERSION = YES;
				CLANG_WARN_DIRECT_OBJC_ISA_USAGE = YES_ERROR;
				CLANG_WARN_DOCUMENTATION_COMMENTS = YES;
				CLANG_WARN_EMPTY_BODY = YES;
				CLANG_WARN_ENUM_CONVERSION = YES;
				CLANG_WARN_INFINITE_RECURSION = YES;
				CLANG_WARN_INT_CONVERSION = YES;
				CLANG_WARN_OBJC_ROOT_CLASS = YES_ERROR;
				CLANG_WARN_SUSPICIOUS_MOVE = YES;
				CLANG_WARN_UNREACHABLE_CODE = YES;
				CLANG_WARN__DUPLICATE_METHOD_MATCH = YES;
				"CODE_SIGN_IDENTITY[sdk=iphoneos*]" = "iPhone Developer";
				COPY_PHASE_STRIP = NO;
				DEBUG_INFORMATION_FORMAT = dwarf;
				ENABLE_STRICT_OBJC_MSGSEND = YES;
				ENABLE_TESTABILITY = YES;
				GCC_C_LANGUAGE_STANDARD = gnu99;
				GCC_DYNAMIC_NO_PIC = NO;
				GCC_NO_COMMON_BLOCKS = YES;
				GCC_OPTIMIZATION_LEVEL = 0;
				GCC_PREPROCESSOR_DEFINITIONS = (
					"DEBUG=1",
					"$(inherited)",
				);
				GCC_WARN_64_TO_32_BIT_CONVERSION = YES;
				GCC_WARN_ABOUT_RETURN_TYPE = YES_ERROR;
				GCC_WARN_UNDECLARED_SELECTOR = YES;
				GCC_WARN_UNINITIALIZED_AUTOS = YES_AGGRESSIVE;
				GCC_WARN_UNUSED_FUNCTION = YES;
				GCC_WARN_UNUSED_VARIABLE = YES;
				IPHONEOS_DEPLOYMENT_TARGET = 10.2;
				MTL_ENABLE_DEBUG_INFO = YES;
				ONLY_ACTIVE_ARCH = YES;
				SDKROOT = iphoneos;
				SWIFT_ACTIVE_COMPILATION_CONDITIONS = DEBUG;
				SWIFT_OPTIMIZATION_LEVEL = "-Onone";
			};
			name = Debug;
		};
		EE6D4C271E7E91F7008F5D17 /* Release */ = {
			isa = XCBuildConfiguration;
			buildSettings = {
				ALWAYS_SEARCH_USER_PATHS = NO;
				CLANG_ANALYZER_NONNULL = YES;
				CLANG_CXX_LANGUAGE_STANDARD = "gnu++0x";
				CLANG_CXX_LIBRARY = "libc++";
				CLANG_ENABLE_MODULES = YES;
				CLANG_ENABLE_OBJC_ARC = YES;
				CLANG_WARN_BOOL_CONVERSION = YES;
				CLANG_WARN_CONSTANT_CONVERSION = YES;
				CLANG_WARN_DIRECT_OBJC_ISA_USAGE = YES_ERROR;
				CLANG_WARN_DOCUMENTATION_COMMENTS = YES;
				CLANG_WARN_EMPTY_BODY = YES;
				CLANG_WARN_ENUM_CONVERSION = YES;
				CLANG_WARN_INFINITE_RECURSION = YES;
				CLANG_WARN_INT_CONVERSION = YES;
				CLANG_WARN_OBJC_ROOT_CLASS = YES_ERROR;
				CLANG_WARN_SUSPICIOUS_MOVE = YES;
				CLANG_WARN_UNREACHABLE_CODE = YES;
				CLANG_WARN__DUPLICATE_METHOD_MATCH = YES;
				"CODE_SIGN_IDENTITY[sdk=iphoneos*]" = "iPhone Developer";
				COPY_PHASE_STRIP = NO;
				DEBUG_INFORMATION_FORMAT = "dwarf-with-dsym";
				ENABLE_NS_ASSERTIONS = NO;
				ENABLE_STRICT_OBJC_MSGSEND = YES;
				GCC_C_LANGUAGE_STANDARD = gnu99;
				GCC_NO_COMMON_BLOCKS = YES;
				GCC_WARN_64_TO_32_BIT_CONVERSION = YES;
				GCC_WARN_ABOUT_RETURN_TYPE = YES_ERROR;
				GCC_WARN_UNDECLARED_SELECTOR = YES;
				GCC_WARN_UNINITIALIZED_AUTOS = YES_AGGRESSIVE;
				GCC_WARN_UNUSED_FUNCTION = YES;
				GCC_WARN_UNUSED_VARIABLE = YES;
				IPHONEOS_DEPLOYMENT_TARGET = 10.2;
				MTL_ENABLE_DEBUG_INFO = NO;
				SDKROOT = iphoneos;
				SWIFT_OPTIMIZATION_LEVEL = "-Owholemodule";
				VALIDATE_PRODUCT = YES;
			};
			name = Release;
		};
		EE6D4C291E7E91F7008F5D17 /* Debug */ = {
			isa = XCBuildConfiguration;
			buildSettings = {
				ASSETCATALOG_COMPILER_APPICON_NAME = AppIcon;
				DEVELOPMENT_TEAM = 23X5258S94;
				INFOPLIST_FILE = MasterCoreData/Info.plist;
				LD_RUNPATH_SEARCH_PATHS = "$(inherited) @executable_path/Frameworks";
				PRODUCT_BUNDLE_IDENTIFIER = me.desmonddai.MasterCoreData;
				PRODUCT_NAME = "$(TARGET_NAME)";
				SWIFT_VERSION = 3.0;
			};
			name = Debug;
		};
		EE6D4C2A1E7E91F7008F5D17 /* Release */ = {
			isa = XCBuildConfiguration;
			buildSettings = {
				ASSETCATALOG_COMPILER_APPICON_NAME = AppIcon;
				DEVELOPMENT_TEAM = 23X5258S94;
				INFOPLIST_FILE = MasterCoreData/Info.plist;
				LD_RUNPATH_SEARCH_PATHS = "$(inherited) @executable_path/Frameworks";
				PRODUCT_BUNDLE_IDENTIFIER = me.desmonddai.MasterCoreData;
				PRODUCT_NAME = "$(TARGET_NAME)";
				SWIFT_VERSION = 3.0;
			};
			name = Release;
		};
/* End XCBuildConfiguration section */

/* Begin XCConfigurationList section */
		EE6D4C0E1E7E91F7008F5D17 /* Build configuration list for PBXProject "MasterCoreData" */ = {
			isa = XCConfigurationList;
			buildConfigurations = (
				EE6D4C261E7E91F7008F5D17 /* Debug */,
				EE6D4C271E7E91F7008F5D17 /* Release */,
			);
			defaultConfigurationIsVisible = 0;
			defaultConfigurationName = Release;
		};
		EE6D4C281E7E91F7008F5D17 /* Build configuration list for PBXNativeTarget "MasterCoreData" */ = {
			isa = XCConfigurationList;
			buildConfigurations = (
				EE6D4C291E7E91F7008F5D17 /* Debug */,
				EE6D4C2A1E7E91F7008F5D17 /* Release */,
			);
			defaultConfigurationIsVisible = 0;
			defaultConfigurationName = Release;
		};
/* End XCConfigurationList section */

/* Begin XCVersionGroup section */
		EE6D4C1D1E7E91F7008F5D17 /* MasterCoreData.xcdatamodeld */ = {
			isa = XCVersionGroup;
			children = (
				EE6D4C1E1E7E91F7008F5D17 /* MasterCoreData.xcdatamodel */,
			);
			currentVersion = EE6D4C1E1E7E91F7008F5D17 /* MasterCoreData.xcdatamodel */;
			path = MasterCoreData.xcdatamodeld;
			sourceTree = "<group>";
			versionGroupType = wrapper.xcdatamodel;
		};
		EEB7A6A01E86C1E600262D53 /* Lists.xcdatamodeld */ = {
			isa = XCVersionGroup;
			children = (
				EEB7A6A11E86C1E600262D53 /* Lists.xcdatamodel */,
			);
			currentVersion = EEB7A6A11E86C1E600262D53 /* Lists.xcdatamodel */;
			path = Lists.xcdatamodeld;
			sourceTree = "<group>";
			versionGroupType = wrapper.xcdatamodel;
		};
/* End XCVersionGroup section */
	};
	rootObject = EE6D4C0B1E7E91F7008F5D17 /* Project object */;
}
